
Microsoft Visual Studio Solution File, Format Version 12.00
# Visual Studio Version 17
VisualStudioVersion = 17.0.31919.166
MinimumVisualStudioVersion = 10.0.40219.1
Project("{9A19103F-16F7-4668-BE54-9A1E7A4F7556}") = "Recipes", "Recipes\Recipes.csproj", "{8B1F5798-1BF0-4350-9A41-ABB34E30F4CA}"
EndProject
Project("{9A19103F-16F7-4668-BE54-9A1E7A4F7556}") = "Recipes.Test", "Recipes.Test\Recipes.Test.csproj", "{8AEDD12A-B113-4506-9640-87B88FCB9D5D}"
EndProject
Project("{2150E333-8FDC-42A3-9474-1A3956D46DE8}") = "Solution Files", "Solution Files", "{A96ECC99-84F7-4EF8-8668-ABB0A057D815}"
	ProjectSection(SolutionItems) = preProject
		.editorconfig = .editorconfig
		.gitignore = .gitignore
		README.md = README.md
	EndProjectSection
EndProject
Global
	GlobalSection(SolutionConfigurationPlatforms) = preSolution
		Debug|Any CPU = Debug|Any CPU
		Release|Any CPU = Release|Any CPU
	EndGlobalSection
	GlobalSection(ProjectConfigurationPlatforms) = postSolution
		{8B1F5798-1BF0-4350-9A41-ABB34E30F4CA}.Debug|Any CPU.ActiveCfg = Debug|Any CPU
		{8B1F5798-1BF0-4350-9A41-ABB34E30F4CA}.Debug|Any CPU.Build.0 = Debug|Any CPU
		{8B1F5798-1BF0-4350-9A41-ABB34E30F4CA}.Release|Any CPU.ActiveCfg = Release|Any CPU
		{8B1F5798-1BF0-4350-9A41-ABB34E30F4CA}.Release|Any CPU.Build.0 = Release|Any CPU
		{8AEDD12A-B113-4506-9640-87B88FCB9D5D}.Debug|Any CPU.ActiveCfg = Debug|Any CPU
		{8AEDD12A-B113-4506-9640-87B88FCB9D5D}.Debug|Any CPU.Build.0 = Debug|Any CPU
		{8AEDD12A-B113-4506-9640-87B88FCB9D5D}.Release|Any CPU.ActiveCfg = Release|Any CPU
		{8AEDD12A-B113-4506-9640-87B88FCB9D5D}.Release|Any CPU.Build.0 = Release|Any CPU
	EndGlobalSection
	GlobalSection(SolutionProperties) = preSolution
		HideSolutionNode = FALSE
	EndGlobalSection
	GlobalSection(ExtensibilityGlobals) = postSolution
		SolutionGuid = {7024799E-7CDC-4EDA-B6FA-A447C5739033}
	EndGlobalSection
EndGlobal
